// !$*UTF8*$!
{
	archiveVersion = 1;
	classes = {
	};
	objectVersion = 48;
	objects = {

/* Begin PBXBuildFile section */
		662899381FD6620100111EAC /* AddFriendsListViewController.swift in Sources */ = {isa = PBXBuildFile; fileRef = 662899371FD6620100111EAC /* AddFriendsListViewController.swift */; };
		6628993A1FD6621E00111EAC /* AddFriendsListViewControllerCell.swift in Sources */ = {isa = PBXBuildFile; fileRef = 662899391FD6621E00111EAC /* AddFriendsListViewControllerCell.swift */; };
		662899701FD9199700111EAC /* SentTagInfoViewController.swift in Sources */ = {isa = PBXBuildFile; fileRef = 6628996C1FD9199600111EAC /* SentTagInfoViewController.swift */; };
		662899711FD9199700111EAC /* SentTagTableViewCell.swift in Sources */ = {isa = PBXBuildFile; fileRef = 6628996D1FD9199600111EAC /* SentTagTableViewCell.swift */; };
		662899721FD9199700111EAC /* SentTagTableViewController.swift in Sources */ = {isa = PBXBuildFile; fileRef = 6628996E1FD9199600111EAC /* SentTagTableViewController.swift */; };
		6643DA671FD60CB300823D61 /* ExploreMenuWithPopup.swift in Sources */ = {isa = PBXBuildFile; fileRef = 6643DA661FD60CB300823D61 /* ExploreMenuWithPopup.swift */; };
		66BA1D0D1FD0D80200B506D2 /* SharedData.swift in Sources */ = {isa = PBXBuildFile; fileRef = 66BA1D0C1FD0D80200B506D2 /* SharedData.swift */; };
		D959654E1FCE61DA004CEBE4 /* InventoryViewController.swift in Sources */ = {isa = PBXBuildFile; fileRef = D959654D1FCE61DA004CEBE4 /* InventoryViewController.swift */; };
		D95965521FCE665E004CEBE4 /* ExploreViewController.swift in Sources */ = {isa = PBXBuildFile; fileRef = D95965511FCE665E004CEBE4 /* ExploreViewController.swift */; };
		D95965541FCE8F75004CEBE4 /* SegueFromLeft.swift in Sources */ = {isa = PBXBuildFile; fileRef = D95965531FCE8F75004CEBE4 /* SegueFromLeft.swift */; };
		D95965561FCF4ADB004CEBE4 /* InventoryTableViewCell.swift in Sources */ = {isa = PBXBuildFile; fileRef = D95965551FCF4ADB004CEBE4 /* InventoryTableViewCell.swift */; };
		D95965581FCF50CB004CEBE4 /* InventoryTableViewController.swift in Sources */ = {isa = PBXBuildFile; fileRef = D95965571FCF50CB004CEBE4 /* InventoryTableViewController.swift */; };
		D959655A1FCF5F47004CEBE4 /* Tag.swift in Sources */ = {isa = PBXBuildFile; fileRef = D95965591FCF5F47004CEBE4 /* Tag.swift */; };
		D959655C1FCFD00B004CEBE4 /* TagInformation.swift in Sources */ = {isa = PBXBuildFile; fileRef = D959655B1FCFD00B004CEBE4 /* TagInformation.swift */; };
		D97C52C31FC3F09300B943F5 /* AppDelegate.swift in Sources */ = {isa = PBXBuildFile; fileRef = D97C52C21FC3F09300B943F5 /* AppDelegate.swift */; };
		D97C52C51FC3F09300B943F5 /* art.scnassets in Resources */ = {isa = PBXBuildFile; fileRef = D97C52C41FC3F09300B943F5 /* art.scnassets */; };
		D97C52C71FC3F09300B943F5 /* ViewController.swift in Sources */ = {isa = PBXBuildFile; fileRef = D97C52C61FC3F09300B943F5 /* ViewController.swift */; };
		D97C52CA1FC3F09300B943F5 /* Main.storyboard in Resources */ = {isa = PBXBuildFile; fileRef = D97C52C81FC3F09300B943F5 /* Main.storyboard */; };
		D97C52CC1FC3F09300B943F5 /* Assets.xcassets in Resources */ = {isa = PBXBuildFile; fileRef = D97C52CB1FC3F09300B943F5 /* Assets.xcassets */; };
		D97C52CF1FC3F09300B943F5 /* LaunchScreen.storyboard in Resources */ = {isa = PBXBuildFile; fileRef = D97C52CD1FC3F09300B943F5 /* LaunchScreen.storyboard */; };
		D97C52DA1FC3F09300B943F5 /* vTagTests.swift in Sources */ = {isa = PBXBuildFile; fileRef = D97C52D91FC3F09300B943F5 /* vTagTests.swift */; };
		F921F3A11FD4EB9E0057E15C /* SendTagInformationViewController.swift in Sources */ = {isa = PBXBuildFile; fileRef = F921F3A01FD4EB9E0057E15C /* SendTagInformationViewController.swift */; };
		F921F3A31FD4F2C60057E15C /* SentTagConfirmationViewController.swift in Sources */ = {isa = PBXBuildFile; fileRef = F921F3A21FD4F2C60057E15C /* SentTagConfirmationViewController.swift */; };
		F92F3ED21FD501D300456A04 /* FriendsTableViewCell.swift in Sources */ = {isa = PBXBuildFile; fileRef = F92F3ED11FD501D300456A04 /* FriendsTableViewCell.swift */; };
		F92F3ED71FD74B0200456A04 /* FriendsTableViewController.swift in Sources */ = {isa = PBXBuildFile; fileRef = F92F3ED61FD74B0200456A04 /* FriendsTableViewController.swift */; };
		F92F3ED91FD74C2700456A04 /* Friend.swift in Sources */ = {isa = PBXBuildFile; fileRef = F92F3ED81FD74C2700456A04 /* Friend.swift */; };
		F92F3EDB1FD8861D00456A04 /* AddFriendsTableViewCell.swift in Sources */ = {isa = PBXBuildFile; fileRef = F92F3EDA1FD8861D00456A04 /* AddFriendsTableViewCell.swift */; };
		F92F3EDD1FD886AD00456A04 /* AddFriendsTableViewController.swift in Sources */ = {isa = PBXBuildFile; fileRef = F92F3EDC1FD886AD00456A04 /* AddFriendsTableViewController.swift */; };
		F92F3EE11FD8934400456A04 /* Contact.swift in Sources */ = {isa = PBXBuildFile; fileRef = F92F3EE01FD8934400456A04 /* Contact.swift */; };
/* End PBXBuildFile section */

/* Begin PBXContainerItemProxy section */
		D97C52D61FC3F09300B943F5 /* PBXContainerItemProxy */ = {
			isa = PBXContainerItemProxy;
			containerPortal = D97C52B71FC3F09300B943F5 /* Project object */;
			proxyType = 1;
			remoteGlobalIDString = D97C52BE1FC3F09300B943F5;
			remoteInfo = vTag;
		};
/* End PBXContainerItemProxy section */

/* Begin PBXFileReference section */
		662899371FD6620100111EAC /* AddFriendsListViewController.swift */ = {isa = PBXFileReference; lastKnownFileType = sourcecode.swift; path = AddFriendsListViewController.swift; sourceTree = "<group>"; };
		662899391FD6621E00111EAC /* AddFriendsListViewControllerCell.swift */ = {isa = PBXFileReference; lastKnownFileType = sourcecode.swift; path = AddFriendsListViewControllerCell.swift; sourceTree = "<group>"; };
		6628996C1FD9199600111EAC /* SentTagInfoViewController.swift */ = {isa = PBXFileReference; fileEncoding = 4; lastKnownFileType = sourcecode.swift; path = SentTagInfoViewController.swift; sourceTree = "<group>"; };
		6628996D1FD9199600111EAC /* SentTagTableViewCell.swift */ = {isa = PBXFileReference; fileEncoding = 4; lastKnownFileType = sourcecode.swift; path = SentTagTableViewCell.swift; sourceTree = "<group>"; };
		6628996E1FD9199600111EAC /* SentTagTableViewController.swift */ = {isa = PBXFileReference; fileEncoding = 4; lastKnownFileType = sourcecode.swift; path = SentTagTableViewController.swift; sourceTree = "<group>"; };
		6643DA661FD60CB300823D61 /* ExploreMenuWithPopup.swift */ = {isa = PBXFileReference; lastKnownFileType = sourcecode.swift; path = ExploreMenuWithPopup.swift; sourceTree = "<group>"; };
		66BA1D0C1FD0D80200B506D2 /* SharedData.swift */ = {isa = PBXFileReference; lastKnownFileType = sourcecode.swift; path = SharedData.swift; sourceTree = "<group>"; };
		D959654D1FCE61DA004CEBE4 /* InventoryViewController.swift */ = {isa = PBXFileReference; lastKnownFileType = sourcecode.swift; path = InventoryViewController.swift; sourceTree = "<group>"; };
		D95965511FCE665E004CEBE4 /* ExploreViewController.swift */ = {isa = PBXFileReference; lastKnownFileType = sourcecode.swift; path = ExploreViewController.swift; sourceTree = "<group>"; };
		D95965531FCE8F75004CEBE4 /* SegueFromLeft.swift */ = {isa = PBXFileReference; lastKnownFileType = sourcecode.swift; path = SegueFromLeft.swift; sourceTree = "<group>"; };
		D95965551FCF4ADB004CEBE4 /* InventoryTableViewCell.swift */ = {isa = PBXFileReference; lastKnownFileType = sourcecode.swift; path = InventoryTableViewCell.swift; sourceTree = "<group>"; };
		D95965571FCF50CB004CEBE4 /* InventoryTableViewController.swift */ = {isa = PBXFileReference; lastKnownFileType = sourcecode.swift; path = InventoryTableViewController.swift; sourceTree = "<group>"; };
		D95965591FCF5F47004CEBE4 /* Tag.swift */ = {isa = PBXFileReference; lastKnownFileType = sourcecode.swift; path = Tag.swift; sourceTree = "<group>"; };
		D959655B1FCFD00B004CEBE4 /* TagInformation.swift */ = {isa = PBXFileReference; lastKnownFileType = sourcecode.swift; path = TagInformation.swift; sourceTree = "<group>"; };
		D97C52BF1FC3F09300B943F5 /* vTag.app */ = {isa = PBXFileReference; explicitFileType = wrapper.application; includeInIndex = 0; path = vTag.app; sourceTree = BUILT_PRODUCTS_DIR; };
		D97C52C21FC3F09300B943F5 /* AppDelegate.swift */ = {isa = PBXFileReference; lastKnownFileType = sourcecode.swift; path = AppDelegate.swift; sourceTree = "<group>"; };
		D97C52C41FC3F09300B943F5 /* art.scnassets */ = {isa = PBXFileReference; lastKnownFileType = wrapper.scnassets; path = art.scnassets; sourceTree = "<group>"; };
		D97C52C61FC3F09300B943F5 /* ViewController.swift */ = {isa = PBXFileReference; lastKnownFileType = sourcecode.swift; path = ViewController.swift; sourceTree = "<group>"; };
		D97C52C91FC3F09300B943F5 /* Base */ = {isa = PBXFileReference; lastKnownFileType = file.storyboard; name = Base; path = Base.lproj/Main.storyboard; sourceTree = "<group>"; };
		D97C52CB1FC3F09300B943F5 /* Assets.xcassets */ = {isa = PBXFileReference; lastKnownFileType = folder.assetcatalog; path = Assets.xcassets; sourceTree = "<group>"; };
		D97C52CE1FC3F09300B943F5 /* Base */ = {isa = PBXFileReference; lastKnownFileType = file.storyboard; name = Base; path = Base.lproj/LaunchScreen.storyboard; sourceTree = "<group>"; };
		D97C52D01FC3F09300B943F5 /* Info.plist */ = {isa = PBXFileReference; lastKnownFileType = text.plist.xml; path = Info.plist; sourceTree = "<group>"; };
		D97C52D51FC3F09300B943F5 /* vTagTests.xctest */ = {isa = PBXFileReference; explicitFileType = wrapper.cfbundle; includeInIndex = 0; path = vTagTests.xctest; sourceTree = BUILT_PRODUCTS_DIR; };
		D97C52D91FC3F09300B943F5 /* vTagTests.swift */ = {isa = PBXFileReference; lastKnownFileType = sourcecode.swift; path = vTagTests.swift; sourceTree = "<group>"; };
		D97C52DB1FC3F09300B943F5 /* Info.plist */ = {isa = PBXFileReference; lastKnownFileType = text.plist.xml; path = Info.plist; sourceTree = "<group>"; };
		F921F3A01FD4EB9E0057E15C /* SendTagInformationViewController.swift */ = {isa = PBXFileReference; lastKnownFileType = sourcecode.swift; path = SendTagInformationViewController.swift; sourceTree = "<group>"; };
		F921F3A21FD4F2C60057E15C /* SentTagConfirmationViewController.swift */ = {isa = PBXFileReference; lastKnownFileType = sourcecode.swift; path = SentTagConfirmationViewController.swift; sourceTree = "<group>"; };
		F92F3ED11FD501D300456A04 /* FriendsTableViewCell.swift */ = {isa = PBXFileReference; lastKnownFileType = sourcecode.swift; path = FriendsTableViewCell.swift; sourceTree = "<group>"; };
		F92F3ED61FD74B0200456A04 /* FriendsTableViewController.swift */ = {isa = PBXFileReference; lastKnownFileType = sourcecode.swift; path = FriendsTableViewController.swift; sourceTree = "<group>"; };
		F92F3ED81FD74C2700456A04 /* Friend.swift */ = {isa = PBXFileReference; lastKnownFileType = sourcecode.swift; path = Friend.swift; sourceTree = "<group>"; };
		F92F3EDA1FD8861D00456A04 /* AddFriendsTableViewCell.swift */ = {isa = PBXFileReference; lastKnownFileType = sourcecode.swift; path = AddFriendsTableViewCell.swift; sourceTree = "<group>"; };
		F92F3EDC1FD886AD00456A04 /* AddFriendsTableViewController.swift */ = {isa = PBXFileReference; lastKnownFileType = sourcecode.swift; path = AddFriendsTableViewController.swift; sourceTree = "<group>"; };
		F92F3EE01FD8934400456A04 /* Contact.swift */ = {isa = PBXFileReference; lastKnownFileType = sourcecode.swift; path = Contact.swift; sourceTree = "<group>"; };
/* End PBXFileReference section */

/* Begin PBXFrameworksBuildPhase section */
		D97C52BC1FC3F09300B943F5 /* Frameworks */ = {
			isa = PBXFrameworksBuildPhase;
			buildActionMask = 2147483647;
			files = (
			);
			runOnlyForDeploymentPostprocessing = 0;
		};
		D97C52D21FC3F09300B943F5 /* Frameworks */ = {
			isa = PBXFrameworksBuildPhase;
			buildActionMask = 2147483647;
			files = (
			);
			runOnlyForDeploymentPostprocessing = 0;
		};
/* End PBXFrameworksBuildPhase section */

/* Begin PBXGroup section */
		D97C52B61FC3F09300B943F5 = {
			isa = PBXGroup;
			children = (
				D97C52C11FC3F09300B943F5 /* vTag */,
				D97C52D81FC3F09300B943F5 /* vTagTests */,
				D97C52C01FC3F09300B943F5 /* Products */,
			);
			sourceTree = "<group>";
		};
		D97C52C01FC3F09300B943F5 /* Products */ = {
			isa = PBXGroup;
			children = (
				D97C52BF1FC3F09300B943F5 /* vTag.app */,
				D97C52D51FC3F09300B943F5 /* vTagTests.xctest */,
			);
			name = Products;
			sourceTree = "<group>";
		};
		D97C52C11FC3F09300B943F5 /* vTag */ = {
			isa = PBXGroup;
			children = (
				D97C52C21FC3F09300B943F5 /* AppDelegate.swift */,
				D97C52C41FC3F09300B943F5 /* art.scnassets */,
				D97C52C61FC3F09300B943F5 /* ViewController.swift */,
				6643DA661FD60CB300823D61 /* ExploreMenuWithPopup.swift */,
				D959654D1FCE61DA004CEBE4 /* InventoryViewController.swift */,
				D97C52C81FC3F09300B943F5 /* Main.storyboard */,
				662899371FD6620100111EAC /* AddFriendsListViewController.swift */,
				662899391FD6621E00111EAC /* AddFriendsListViewControllerCell.swift */,
				F921F3A21FD4F2C60057E15C /* SentTagConfirmationViewController.swift */,
				66BA1D0C1FD0D80200B506D2 /* SharedData.swift */,
				D959655B1FCFD00B004CEBE4 /* TagInformation.swift */,
				D95965591FCF5F47004CEBE4 /* Tag.swift */,
				D95965571FCF50CB004CEBE4 /* InventoryTableViewController.swift */,
				D95965551FCF4ADB004CEBE4 /* InventoryTableViewCell.swift */,
				6628996C1FD9199600111EAC /* SentTagInfoViewController.swift */,
				6628996D1FD9199600111EAC /* SentTagTableViewCell.swift */,
				6628996E1FD9199600111EAC /* SentTagTableViewController.swift */,
				D95965531FCE8F75004CEBE4 /* SegueFromLeft.swift */,
				D95965511FCE665E004CEBE4 /* ExploreViewController.swift */,
				F921F3A01FD4EB9E0057E15C /* SendTagInformationViewController.swift */,
				D97C52CB1FC3F09300B943F5 /* Assets.xcassets */,
				F92F3EDA1FD8861D00456A04 /* AddFriendsTableViewCell.swift */,
				F92F3EDC1FD886AD00456A04 /* AddFriendsTableViewController.swift */,
				D97C52CD1FC3F09300B943F5 /* LaunchScreen.storyboard */,
				D97C52D01FC3F09300B943F5 /* Info.plist */,
				F92F3ED11FD501D300456A04 /* FriendsTableViewCell.swift */,
				F92F3ED61FD74B0200456A04 /* FriendsTableViewController.swift */,
				F92F3ED81FD74C2700456A04 /* Friend.swift */,
				F92F3EE01FD8934400456A04 /* Contact.swift */,
			);
			path = vTag;
			sourceTree = "<group>";
		};
		D97C52D81FC3F09300B943F5 /* vTagTests */ = {
			isa = PBXGroup;
			children = (
				D97C52D91FC3F09300B943F5 /* vTagTests.swift */,
				D97C52DB1FC3F09300B943F5 /* Info.plist */,
			);
			path = vTagTests;
			sourceTree = "<group>";
		};
/* End PBXGroup section */

/* Begin PBXNativeTarget section */
		D97C52BE1FC3F09300B943F5 /* vTag */ = {
			isa = PBXNativeTarget;
			buildConfigurationList = D97C52DE1FC3F09300B943F5 /* Build configuration list for PBXNativeTarget "vTag" */;
			buildPhases = (
				D97C52BB1FC3F09300B943F5 /* Sources */,
				D97C52BC1FC3F09300B943F5 /* Frameworks */,
				D97C52BD1FC3F09300B943F5 /* Resources */,
			);
			buildRules = (
			);
			dependencies = (
			);
			name = vTag;
			productName = vTag;
			productReference = D97C52BF1FC3F09300B943F5 /* vTag.app */;
			productType = "com.apple.product-type.application";
		};
		D97C52D41FC3F09300B943F5 /* vTagTests */ = {
			isa = PBXNativeTarget;
			buildConfigurationList = D97C52E11FC3F09300B943F5 /* Build configuration list for PBXNativeTarget "vTagTests" */;
			buildPhases = (
				D97C52D11FC3F09300B943F5 /* Sources */,
				D97C52D21FC3F09300B943F5 /* Frameworks */,
				D97C52D31FC3F09300B943F5 /* Resources */,
			);
			buildRules = (
			);
			dependencies = (
				D97C52D71FC3F09300B943F5 /* PBXTargetDependency */,
			);
			name = vTagTests;
			productName = vTagTests;
			productReference = D97C52D51FC3F09300B943F5 /* vTagTests.xctest */;
			productType = "com.apple.product-type.bundle.unit-test";
		};
/* End PBXNativeTarget section */

/* Begin PBXProject section */
		D97C52B71FC3F09300B943F5 /* Project object */ = {
			isa = PBXProject;
			attributes = {
				LastSwiftUpdateCheck = 0910;
				LastUpgradeCheck = 0910;
				ORGANIZATIONNAME = VTag;
				TargetAttributes = {
					D97C52BE1FC3F09300B943F5 = {
						CreatedOnToolsVersion = 9.1;
						ProvisioningStyle = Automatic;
					};
					D97C52D41FC3F09300B943F5 = {
						CreatedOnToolsVersion = 9.1;
						ProvisioningStyle = Automatic;
						TestTargetID = D97C52BE1FC3F09300B943F5;
					};
				};
			};
			buildConfigurationList = D97C52BA1FC3F09300B943F5 /* Build configuration list for PBXProject "vTag" */;
			compatibilityVersion = "Xcode 8.0";
			developmentRegion = en;
			hasScannedForEncodings = 0;
			knownRegions = (
				en,
				Base,
			);
			mainGroup = D97C52B61FC3F09300B943F5;
			productRefGroup = D97C52C01FC3F09300B943F5 /* Products */;
			projectDirPath = "";
			projectRoot = "";
			targets = (
				D97C52BE1FC3F09300B943F5 /* vTag */,
				D97C52D41FC3F09300B943F5 /* vTagTests */,
			);
		};
/* End PBXProject section */

/* Begin PBXResourcesBuildPhase section */
		D97C52BD1FC3F09300B943F5 /* Resources */ = {
			isa = PBXResourcesBuildPhase;
			buildActionMask = 2147483647;
			files = (
				D97C52C51FC3F09300B943F5 /* art.scnassets in Resources */,
				D97C52CF1FC3F09300B943F5 /* LaunchScreen.storyboard in Resources */,
				D97C52CC1FC3F09300B943F5 /* Assets.xcassets in Resources */,
				D97C52CA1FC3F09300B943F5 /* Main.storyboard in Resources */,
			);
			runOnlyForDeploymentPostprocessing = 0;
		};
		D97C52D31FC3F09300B943F5 /* Resources */ = {
			isa = PBXResourcesBuildPhase;
			buildActionMask = 2147483647;
			files = (
			);
			runOnlyForDeploymentPostprocessing = 0;
		};
/* End PBXResourcesBuildPhase section */

/* Begin PBXSourcesBuildPhase section */
		D97C52BB1FC3F09300B943F5 /* Sources */ = {
			isa = PBXSourcesBuildPhase;
			buildActionMask = 2147483647;
			files = (
				D95965541FCE8F75004CEBE4 /* SegueFromLeft.swift in Sources */,
				F92F3EDD1FD886AD00456A04 /* AddFriendsTableViewController.swift in Sources */,
				D97C52C71FC3F09300B943F5 /* ViewController.swift in Sources */,
				F92F3EDB1FD8861D00456A04 /* AddFriendsTableViewCell.swift in Sources */,
				D95965581FCF50CB004CEBE4 /* InventoryTableViewController.swift in Sources */,
				662899711FD9199700111EAC /* SentTagTableViewCell.swift in Sources */,
				F92F3ED21FD501D300456A04 /* FriendsTableViewCell.swift in Sources */,
				F92F3EE11FD8934400456A04 /* Contact.swift in Sources */,
				D959654E1FCE61DA004CEBE4 /* InventoryViewController.swift in Sources */,
				F921F3A11FD4EB9E0057E15C /* SendTagInformationViewController.swift in Sources */,
				6628993A1FD6621E00111EAC /* AddFriendsListViewControllerCell.swift in Sources */,
				D95965521FCE665E004CEBE4 /* ExploreViewController.swift in Sources */,
				D959655C1FCFD00B004CEBE4 /* TagInformation.swift in Sources */,
				6643DA671FD60CB300823D61 /* ExploreMenuWithPopup.swift in Sources */,
				D95965561FCF4ADB004CEBE4 /* InventoryTableViewCell.swift in Sources */,
				66BA1D0D1FD0D80200B506D2 /* SharedData.swift in Sources */,
				662899721FD9199700111EAC /* SentTagTableViewController.swift in Sources */,
				F92F3ED71FD74B0200456A04 /* FriendsTableViewController.swift in Sources */,
				D959655A1FCF5F47004CEBE4 /* Tag.swift in Sources */,
				662899701FD9199700111EAC /* SentTagInfoViewController.swift in Sources */,
				D97C52C31FC3F09300B943F5 /* AppDelegate.swift in Sources */,
				F92F3ED91FD74C2700456A04 /* Friend.swift in Sources */,
				662899381FD6620100111EAC /* AddFriendsListViewController.swift in Sources */,
				F921F3A31FD4F2C60057E15C /* SentTagConfirmationViewController.swift in Sources */,
			);
			runOnlyForDeploymentPostprocessing = 0;
		};
		D97C52D11FC3F09300B943F5 /* Sources */ = {
			isa = PBXSourcesBuildPhase;
			buildActionMask = 2147483647;
			files = (
				D97C52DA1FC3F09300B943F5 /* vTagTests.swift in Sources */,
			);
			runOnlyForDeploymentPostprocessing = 0;
		};
/* End PBXSourcesBuildPhase section */

/* Begin PBXTargetDependency section */
		D97C52D71FC3F09300B943F5 /* PBXTargetDependency */ = {
			isa = PBXTargetDependency;
			target = D97C52BE1FC3F09300B943F5 /* vTag */;
			targetProxy = D97C52D61FC3F09300B943F5 /* PBXContainerItemProxy */;
		};
/* End PBXTargetDependency section */

/* Begin PBXVariantGroup section */
		D97C52C81FC3F09300B943F5 /* Main.storyboard */ = {
			isa = PBXVariantGroup;
			children = (
				D97C52C91FC3F09300B943F5 /* Base */,
			);
			name = Main.storyboard;
			sourceTree = "<group>";
		};
		D97C52CD1FC3F09300B943F5 /* LaunchScreen.storyboard */ = {
			isa = PBXVariantGroup;
			children = (
				D97C52CE1FC3F09300B943F5 /* Base */,
			);
			name = LaunchScreen.storyboard;
			sourceTree = "<group>";
		};
/* End PBXVariantGroup section */

/* Begin XCBuildConfiguration section */
		D97C52DC1FC3F09300B943F5 /* Debug */ = {
			isa = XCBuildConfiguration;
			buildSettings = {
				ALWAYS_SEARCH_USER_PATHS = NO;
				CLANG_ANALYZER_NONNULL = YES;
				CLANG_ANALYZER_NUMBER_OBJECT_CONVERSION = YES_AGGRESSIVE;
				CLANG_CXX_LANGUAGE_STANDARD = "gnu++14";
				CLANG_CXX_LIBRARY = "libc++";
				CLANG_ENABLE_MODULES = YES;
				CLANG_ENABLE_OBJC_ARC = YES;
				CLANG_WARN_BLOCK_CAPTURE_AUTORELEASING = YES;
				CLANG_WARN_BOOL_CONVERSION = YES;
				CLANG_WARN_COMMA = YES;
				CLANG_WARN_CONSTANT_CONVERSION = YES;
				CLANG_WARN_DIRECT_OBJC_ISA_USAGE = YES_ERROR;
				CLANG_WARN_DOCUMENTATION_COMMENTS = YES;
				CLANG_WARN_EMPTY_BODY = YES;
				CLANG_WARN_ENUM_CONVERSION = YES;
				CLANG_WARN_INFINITE_RECURSION = YES;
				CLANG_WARN_INT_CONVERSION = YES;
				CLANG_WARN_NON_LITERAL_NULL_CONVERSION = YES;
				CLANG_WARN_OBJC_LITERAL_CONVERSION = YES;
				CLANG_WARN_OBJC_ROOT_CLASS = YES_ERROR;
				CLANG_WARN_RANGE_LOOP_ANALYSIS = YES;
				CLANG_WARN_STRICT_PROTOTYPES = YES;
				CLANG_WARN_SUSPICIOUS_MOVE = YES;
				CLANG_WARN_UNGUARDED_AVAILABILITY = YES_AGGRESSIVE;
				CLANG_WARN_UNREACHABLE_CODE = YES;
				CLANG_WARN__DUPLICATE_METHOD_MATCH = YES;
				CODE_SIGN_IDENTITY = "iPhone Developer";
				COPY_PHASE_STRIP = NO;
				DEBUG_INFORMATION_FORMAT = dwarf;
				ENABLE_STRICT_OBJC_MSGSEND = YES;
				ENABLE_TESTABILITY = YES;
				GCC_C_LANGUAGE_STANDARD = gnu11;
				GCC_DYNAMIC_NO_PIC = NO;
				GCC_NO_COMMON_BLOCKS = YES;
				GCC_OPTIMIZATION_LEVEL = 0;
				GCC_PREPROCESSOR_DEFINITIONS = (
					"DEBUG=1",
					"$(inherited)",
				);
				GCC_WARN_64_TO_32_BIT_CONVERSION = YES;
				GCC_WARN_ABOUT_RETURN_TYPE = YES_ERROR;
				GCC_WARN_UNDECLARED_SELECTOR = YES;
				GCC_WARN_UNINITIALIZED_AUTOS = YES_AGGRESSIVE;
				GCC_WARN_UNUSED_FUNCTION = YES;
				GCC_WARN_UNUSED_VARIABLE = YES;
				IPHONEOS_DEPLOYMENT_TARGET = 11.1;
				MTL_ENABLE_DEBUG_INFO = YES;
				ONLY_ACTIVE_ARCH = YES;
				SDKROOT = iphoneos;
				SWIFT_ACTIVE_COMPILATION_CONDITIONS = DEBUG;
				SWIFT_OPTIMIZATION_LEVEL = "-Onone";
			};
			name = Debug;
		};
		D97C52DD1FC3F09300B943F5 /* Release */ = {
			isa = XCBuildConfiguration;
			buildSettings = {
				ALWAYS_SEARCH_USER_PATHS = NO;
				CLANG_ANALYZER_NONNULL = YES;
				CLANG_ANALYZER_NUMBER_OBJECT_CONVERSION = YES_AGGRESSIVE;
				CLANG_CXX_LANGUAGE_STANDARD = "gnu++14";
				CLANG_CXX_LIBRARY = "libc++";
				CLANG_ENABLE_MODULES = YES;
				CLANG_ENABLE_OBJC_ARC = YES;
				CLANG_WARN_BLOCK_CAPTURE_AUTORELEASING = YES;
				CLANG_WARN_BOOL_CONVERSION = YES;
				CLANG_WARN_COMMA = YES;
				CLANG_WARN_CONSTANT_CONVERSION = YES;
				CLANG_WARN_DIRECT_OBJC_ISA_USAGE = YES_ERROR;
				CLANG_WARN_DOCUMENTATION_COMMENTS = YES;
				CLANG_WARN_EMPTY_BODY = YES;
				CLANG_WARN_ENUM_CONVERSION = YES;
				CLANG_WARN_INFINITE_RECURSION = YES;
				CLANG_WARN_INT_CONVERSION = YES;
				CLANG_WARN_NON_LITERAL_NULL_CONVERSION = YES;
				CLANG_WARN_OBJC_LITERAL_CONVERSION = YES;
				CLANG_WARN_OBJC_ROOT_CLASS = YES_ERROR;
				CLANG_WARN_RANGE_LOOP_ANALYSIS = YES;
				CLANG_WARN_STRICT_PROTOTYPES = YES;
				CLANG_WARN_SUSPICIOUS_MOVE = YES;
				CLANG_WARN_UNGUARDED_AVAILABILITY = YES_AGGRESSIVE;
				CLANG_WARN_UNREACHABLE_CODE = YES;
				CLANG_WARN__DUPLICATE_METHOD_MATCH = YES;
				CODE_SIGN_IDENTITY = "iPhone Developer";
				COPY_PHASE_STRIP = NO;
				DEBUG_INFORMATION_FORMAT = "dwarf-with-dsym";
				ENABLE_NS_ASSERTIONS = NO;
				ENABLE_STRICT_OBJC_MSGSEND = YES;
				GCC_C_LANGUAGE_STANDARD = gnu11;
				GCC_NO_COMMON_BLOCKS = YES;
				GCC_WARN_64_TO_32_BIT_CONVERSION = YES;
				GCC_WARN_ABOUT_RETURN_TYPE = YES_ERROR;
				GCC_WARN_UNDECLARED_SELECTOR = YES;
				GCC_WARN_UNINITIALIZED_AUTOS = YES_AGGRESSIVE;
				GCC_WARN_UNUSED_FUNCTION = YES;
				GCC_WARN_UNUSED_VARIABLE = YES;
				IPHONEOS_DEPLOYMENT_TARGET = 11.1;
				MTL_ENABLE_DEBUG_INFO = NO;
				SDKROOT = iphoneos;
				SWIFT_OPTIMIZATION_LEVEL = "-Owholemodule";
				VALIDATE_PRODUCT = YES;
			};
			name = Release;
		};
		D97C52DF1FC3F09300B943F5 /* Debug */ = {
			isa = XCBuildConfiguration;
			buildSettings = {
				ALWAYS_EMBED_SWIFT_STANDARD_LIBRARIES = YES;
				ASSETCATALOG_COMPILER_APPICON_NAME = AppIcon;
				CODE_SIGN_STYLE = Automatic;
				DEVELOPMENT_TEAM = L4PAHADPLW;
				INFOPLIST_FILE = vTag/Info.plist;
				IPHONEOS_DEPLOYMENT_TARGET = 11.1;
				LD_RUNPATH_SEARCH_PATHS = "$(inherited) @executable_path/Frameworks";
				PRODUCT_BUNDLE_IDENTIFIER = com.example.vTag;
				PRODUCT_NAME = "$(TARGET_NAME)";
				SWIFT_VERSION = 4.0;
				TARGETED_DEVICE_FAMILY = "1,2";
			};
			name = Debug;
		};
		D97C52E01FC3F09300B943F5 /* Release */ = {
			isa = XCBuildConfiguration;
			buildSettings = {
				ALWAYS_EMBED_SWIFT_STANDARD_LIBRARIES = YES;
				ASSETCATALOG_COMPILER_APPICON_NAME = AppIcon;
				CODE_SIGN_STYLE = Automatic;
				DEVELOPMENT_TEAM = L4PAHADPLW;
				INFOPLIST_FILE = vTag/Info.plist;
				IPHONEOS_DEPLOYMENT_TARGET = 11.1;
				LD_RUNPATH_SEARCH_PATHS = "$(inherited) @executable_path/Frameworks";
				PRODUCT_BUNDLE_IDENTIFIER = com.example.vTag;
				PRODUCT_NAME = "$(TARGET_NAME)";
				SWIFT_VERSION = 4.0;
				TARGETED_DEVICE_FAMILY = "1,2";
			};
			name = Release;
		};
		D97C52E21FC3F09300B943F5 /* Debug */ = {
			isa = XCBuildConfiguration;
			buildSettings = {
				ALWAYS_EMBED_SWIFT_STANDARD_LIBRARIES = YES;
				BUNDLE_LOADER = "$(TEST_HOST)";
				CODE_SIGN_STYLE = Automatic;
				INFOPLIST_FILE = vTagTests/Info.plist;
				LD_RUNPATH_SEARCH_PATHS = "$(inherited) @executable_path/Frameworks @loader_path/Frameworks";
				PRODUCT_BUNDLE_IDENTIFIER = com.example.vTagTests;
				PRODUCT_NAME = "$(TARGET_NAME)";
				SWIFT_VERSION = 4.0;
				TARGETED_DEVICE_FAMILY = "1,2";
				TEST_HOST = "$(BUILT_PRODUCTS_DIR)/vTag.app/vTag";
			};
			name = Debug;
		};
		D97C52E31FC3F09300B943F5 /* Release */ = {
			isa = XCBuildConfiguration;
			buildSettings = {
				ALWAYS_EMBED_SWIFT_STANDARD_LIBRARIES = YES;
				BUNDLE_LOADER = "$(TEST_HOST)";
				CODE_SIGN_STYLE = Automatic;
				INFOPLIST_FILE = vTagTests/Info.plist;
				LD_RUNPATH_SEARCH_PATHS = "$(inherited) @executable_path/Frameworks @loader_path/Frameworks";
				PRODUCT_BUNDLE_IDENTIFIER = com.example.vTagTests;
				PRODUCT_NAME = "$(TARGET_NAME)";
				SWIFT_VERSION = 4.0;
				TARGETED_DEVICE_FAMILY = "1,2";
				TEST_HOST = "$(BUILT_PRODUCTS_DIR)/vTag.app/vTag";
			};
			name = Release;
		};
/* End XCBuildConfiguration section */

/* Begin XCConfigurationList section */
		D97C52BA1FC3F09300B943F5 /* Build configuration list for PBXProject "vTag" */ = {
			isa = XCConfigurationList;
			buildConfigurations = (
				D97C52DC1FC3F09300B943F5 /* Debug */,
				D97C52DD1FC3F09300B943F5 /* Release */,
			);
			defaultConfigurationIsVisible = 0;
			defaultConfigurationName = Release;
		};
		D97C52DE1FC3F09300B943F5 /* Build configuration list for PBXNativeTarget "vTag" */ = {
			isa = XCConfigurationList;
			buildConfigurations = (
				D97C52DF1FC3F09300B943F5 /* Debug */,
				D97C52E01FC3F09300B943F5 /* Release */,
			);
			defaultConfigurationIsVisible = 0;
			defaultConfigurationName = Release;
		};
		D97C52E11FC3F09300B943F5 /* Build configuration list for PBXNativeTarget "vTagTests" */ = {
			isa = XCConfigurationList;
			buildConfigurations = (
				D97C52E21FC3F09300B943F5 /* Debug */,
				D97C52E31FC3F09300B943F5 /* Release */,
			);
			defaultConfigurationIsVisible = 0;
			defaultConfigurationName = Release;
		};
/* End XCConfigurationList section */
	};
	rootObject = D97C52B71FC3F09300B943F5 /* Project object */;
}
